
Microsoft Visual Studio Solution File, Format Version 12.00
# Visual Studio Version 17
VisualStudioVersion = 17.9.34407.89
MinimumVisualStudioVersion = 10.0.40219.1
Project("{9A19103F-16F7-4668-BE54-9A1E7A4F7556}") = "Presentation", "src\Presentation\Presentation.csproj", "{A1B2C3D4-E5F6-7890-ABCD-EF1234567890}"
EndProject
Project("{9A19103F-16F7-4668-BE54-9A1E7A4F7556}") = "Infrastructure", "src\Infrastructure\Infrastructure.csproj", "{B1C2D3E4-F5A6-7891-BCDE-F12345678901}"
EndProject
Project("{9A19103F-16F7-4668-BE54-9A1E7A4F7556}") = "Application", "src\Application\Application.csproj", "{C1D2E3F4-A5B6-7892-CDEF-123456789012}"
EndProject
Project("{9A19103F-16F7-4668-BE54-9A1E7A4F7556}") = "Domain", "src\Domain\Domain.csproj", "{87EDA1D2-4B5B-E524-38CE-D0BFCA5F4D6B}"
EndProject
Project("{2150E333-8FDC-42A3-9474-1A3956D46DE8}") = "tests", "tests", "{0AB3BF05-4346-4AA6-1389-037BE0695223}"
EndProject
Project("{FAE04EC0-301F-11D3-BF4B-00C04F79EFBC}") = "Common", "tests\Common\Common.csproj", "{028D9A75-9D71-4F1B-8C0A-BE0A371EC6FE}"
EndProject
Project("{FAE04EC0-301F-11D3-BF4B-00C04F79EFBC}") = "Unit", "tests\Unit\Unit.csproj", "{A29937BB-CBCE-4E16-9CE1-A59BDEE9A66C}"
EndProject
Project("{2150E333-8FDC-42A3-9474-1A3956D46DE8}") = "src", "src", "{827E0CD3-B72D-47B6-A68D-7590B98EB39B}"
EndProject
Project("{FAE04EC0-301F-11D3-BF4B-00C04F79EFBC}") = "Integration", "tests\Integration\Integration.csproj", "{A77FD8CE-C1AA-4760-B7F4-942674D811AE}"
EndProject
Project("{FAE04EC0-301F-11D3-BF4B-00C04F79EFBC}") = "Architecture", "tests\Architecture\Architecture.csproj", "{E1228814-5879-45E1-89D6-87164BC55883}"
EndProject
Project("{FAE04EC0-301F-11D3-BF4B-00C04F79EFBC}") = "API", "tests\API\API.csproj", "{D26E327B-638D-4AB8-BAB3-7417CF187BE9}"
EndProject
Global
	GlobalSection(SolutionConfigurationPlatforms) = preSolution
		Debug|Any CPU = Debug|Any CPU
		Debug|x64 = Debug|x64
		Debug|x86 = Debug|x86
		Release|Any CPU = Release|Any CPU
		Release|x64 = Release|x64
		Release|x86 = Release|x86
	EndGlobalSection
	GlobalSection(ProjectConfigurationPlatforms) = postSolution
		{A1B2C3D4-E5F6-7890-ABCD-EF1234567890}.Debug|Any CPU.ActiveCfg = Debug|Any CPU
		{A1B2C3D4-E5F6-7890-ABCD-EF1234567890}.Debug|Any CPU.Build.0 = Debug|Any CPU
		{A1B2C3D4-E5F6-7890-ABCD-EF1234567890}.Debug|x64.ActiveCfg = Debug|Any CPU
		{A1B2C3D4-E5F6-7890-ABCD-EF1234567890}.Debug|x64.Build.0 = Debug|Any CPU
		{A1B2C3D4-E5F6-7890-ABCD-EF1234567890}.Debug|x86.ActiveCfg = Debug|Any CPU
		{A1B2C3D4-E5F6-7890-ABCD-EF1234567890}.Debug|x86.Build.0 = Debug|Any CPU
		{A1B2C3D4-E5F6-7890-ABCD-EF1234567890}.Release|Any CPU.ActiveCfg = Release|Any CPU
		{A1B2C3D4-E5F6-7890-ABCD-EF1234567890}.Release|Any CPU.Build.0 = Release|Any CPU
		{A1B2C3D4-E5F6-7890-ABCD-EF1234567890}.Release|x64.ActiveCfg = Release|Any CPU
		{A1B2C3D4-E5F6-7890-ABCD-EF1234567890}.Release|x64.Build.0 = Release|Any CPU
		{A1B2C3D4-E5F6-7890-ABCD-EF1234567890}.Release|x86.ActiveCfg = Release|Any CPU
		{A1B2C3D4-E5F6-7890-ABCD-EF1234567890}.Release|x86.Build.0 = Release|Any CPU
		{B1C2D3E4-F5A6-7891-BCDE-F12345678901}.Debug|Any CPU.ActiveCfg = Debug|Any CPU
		{B1C2D3E4-F5A6-7891-BCDE-F12345678901}.Debug|Any CPU.Build.0 = Debug|Any CPU
		{B1C2D3E4-F5A6-7891-BCDE-F12345678901}.Debug|x64.ActiveCfg = Debug|Any CPU
		{B1C2D3E4-F5A6-7891-BCDE-F12345678901}.Debug|x64.Build.0 = Debug|Any CPU
		{B1C2D3E4-F5A6-7891-BCDE-F12345678901}.Debug|x86.ActiveCfg = Debug|Any CPU
		{B1C2D3E4-F5A6-7891-BCDE-F12345678901}.Debug|x86.Build.0 = Debug|Any CPU
		{B1C2D3E4-F5A6-7891-BCDE-F12345678901}.Release|Any CPU.ActiveCfg = Release|Any CPU
		{B1C2D3E4-F5A6-7891-BCDE-F12345678901}.Release|Any CPU.Build.0 = Release|Any CPU
		{B1C2D3E4-F5A6-7891-BCDE-F12345678901}.Release|x64.ActiveCfg = Release|Any CPU
		{B1C2D3E4-F5A6-7891-BCDE-F12345678901}.Release|x64.Build.0 = Release|Any CPU
		{B1C2D3E4-F5A6-7891-BCDE-F12345678901}.Release|x86.ActiveCfg = Release|Any CPU
		{B1C2D3E4-F5A6-7891-BCDE-F12345678901}.Release|x86.Build.0 = Release|Any CPU
		{C1D2E3F4-A5B6-7892-CDEF-123456789012}.Debug|Any CPU.ActiveCfg = Debug|Any CPU
		{C1D2E3F4-A5B6-7892-CDEF-123456789012}.Debug|Any CPU.Build.0 = Debug|Any CPU
		{C1D2E3F4-A5B6-7892-CDEF-123456789012}.Debug|x64.ActiveCfg = Debug|Any CPU
		{C1D2E3F4-A5B6-7892-CDEF-123456789012}.Debug|x64.Build.0 = Debug|Any CPU
		{C1D2E3F4-A5B6-7892-CDEF-123456789012}.Debug|x86.ActiveCfg = Debug|Any CPU
		{C1D2E3F4-A5B6-7892-CDEF-123456789012}.Debug|x86.Build.0 = Debug|Any CPU
		{C1D2E3F4-A5B6-7892-CDEF-123456789012}.Release|Any CPU.ActiveCfg = Release|Any CPU
		{C1D2E3F4-A5B6-7892-CDEF-123456789012}.Release|Any CPU.Build.0 = Release|Any CPU
		{C1D2E3F4-A5B6-7892-CDEF-123456789012}.Release|x64.ActiveCfg = Release|Any CPU
		{C1D2E3F4-A5B6-7892-CDEF-123456789012}.Release|x64.Build.0 = Release|Any CPU
		{C1D2E3F4-A5B6-7892-CDEF-123456789012}.Release|x86.ActiveCfg = Release|Any CPU
		{C1D2E3F4-A5B6-7892-CDEF-123456789012}.Release|x86.Build.0 = Release|Any CPU
		{87EDA1D2-4B5B-E524-38CE-D0BFCA5F4D6B}.Debug|x64.ActiveCfg = Debug|Any CPU
		{87EDA1D2-4B5B-E524-38CE-D0BFCA5F4D6B}.Debug|x64.Build.0 = Debug|Any CPU
		{87EDA1D2-4B5B-E524-38CE-D0BFCA5F4D6B}.Debug|x86.ActiveCfg = Debug|Any CPU
		{87EDA1D2-4B5B-E524-38CE-D0BFCA5F4D6B}.Debug|x86.Build.0 = Debug|Any CPU
		{87EDA1D2-4B5B-E524-38CE-D0BFCA5F4D6B}.Release|x64.ActiveCfg = Release|Any CPU
		{87EDA1D2-4B5B-E524-38CE-D0BFCA5F4D6B}.Release|x64.Build.0 = Release|Any CPU
		{87EDA1D2-4B5B-E524-38CE-D0BFCA5F4D6B}.Release|x86.ActiveCfg = Release|Any CPU
		{87EDA1D2-4B5B-E524-38CE-D0BFCA5F4D6B}.Release|x86.Build.0 = Release|Any CPU
		{028D9A75-9D71-4F1B-8C0A-BE0A371EC6FE}.Debug|Any CPU.ActiveCfg = Debug|Any CPU
		{028D9A75-9D71-4F1B-8C0A-BE0A371EC6FE}.Debug|Any CPU.Build.0 = Debug|Any CPU
		{028D9A75-9D71-4F1B-8C0A-BE0A371EC6FE}.Debug|x64.ActiveCfg = Debug|Any CPU
		{028D9A75-9D71-4F1B-8C0A-BE0A371EC6FE}.Debug|x64.Build.0 = Debug|Any CPU
		{028D9A75-9D71-4F1B-8C0A-BE0A371EC6FE}.Debug|x86.ActiveCfg = Debug|Any CPU
		{028D9A75-9D71-4F1B-8C0A-BE0A371EC6FE}.Debug|x86.Build.0 = Debug|Any CPU
		{028D9A75-9D71-4F1B-8C0A-BE0A371EC6FE}.Release|Any CPU.ActiveCfg = Release|Any CPU
		{028D9A75-9D71-4F1B-8C0A-BE0A371EC6FE}.Release|Any CPU.Build.0 = Release|Any CPU
		{028D9A75-9D71-4F1B-8C0A-BE0A371EC6FE}.Release|x64.ActiveCfg = Release|Any CPU
		{028D9A75-9D71-4F1B-8C0A-BE0A371EC6FE}.Release|x64.Build.0 = Release|Any CPU
		{028D9A75-9D71-4F1B-8C0A-BE0A371EC6FE}.Release|x86.ActiveCfg = Release|Any CPU
		{028D9A75-9D71-4F1B-8C0A-BE0A371EC6FE}.Release|x86.Build.0 = Release|Any CPU
		{A29937BB-CBCE-4E16-9CE1-A59BDEE9A66C}.Debug|Any CPU.ActiveCfg = Debug|Any CPU
		{A29937BB-CBCE-4E16-9CE1-A59BDEE9A66C}.Debug|Any CPU.Build.0 = Debug|Any CPU
		{A29937BB-CBCE-4E16-9CE1-A59BDEE9A66C}.Debug|x64.ActiveCfg = Debug|Any CPU
		{A29937BB-CBCE-4E16-9CE1-A59BDEE9A66C}.Debug|x64.Build.0 = Debug|Any CPU
		{A29937BB-CBCE-4E16-9CE1-A59BDEE9A66C}.Debug|x86.ActiveCfg = Debug|Any CPU
		{A29937BB-CBCE-4E16-9CE1-A59BDEE9A66C}.Debug|x86.Build.0 = Debug|Any CPU
		{A29937BB-CBCE-4E16-9CE1-A59BDEE9A66C}.Release|Any CPU.ActiveCfg = Release|Any CPU
		{A29937BB-CBCE-4E16-9CE1-A59BDEE9A66C}.Release|Any CPU.Build.0 = Release|Any CPU
		{A29937BB-CBCE-4E16-9CE1-A59BDEE9A66C}.Release|x64.ActiveCfg = Release|Any CPU
		{A29937BB-CBCE-4E16-9CE1-A59BDEE9A66C}.Release|x64.Build.0 = Release|Any CPU
		{A29937BB-CBCE-4E16-9CE1-A59BDEE9A66C}.Release|x86.ActiveCfg = Release|Any CPU
		{A29937BB-CBCE-4E16-9CE1-A59BDEE9A66C}.Release|x86.Build.0 = Release|Any CPU
		{A77FD8CE-C1AA-4760-B7F4-942674D811AE}.Debug|Any CPU.ActiveCfg = Debug|Any CPU
		{A77FD8CE-C1AA-4760-B7F4-942674D811AE}.Debug|Any CPU.Build.0 = Debug|Any CPU
		{A77FD8CE-C1AA-4760-B7F4-942674D811AE}.Debug|x64.ActiveCfg = Debug|Any CPU
		{A77FD8CE-C1AA-4760-B7F4-942674D811AE}.Debug|x64.Build.0 = Debug|Any CPU
		{A77FD8CE-C1AA-4760-B7F4-942674D811AE}.Debug|x86.ActiveCfg = Debug|Any CPU
		{A77FD8CE-C1AA-4760-B7F4-942674D811AE}.Debug|x86.Build.0 = Debug|Any CPU
		{A77FD8CE-C1AA-4760-B7F4-942674D811AE}.Release|Any CPU.ActiveCfg = Release|Any CPU
		{A77FD8CE-C1AA-4760-B7F4-942674D811AE}.Release|Any CPU.Build.0 = Release|Any CPU
		{A77FD8CE-C1AA-4760-B7F4-942674D811AE}.Release|x64.ActiveCfg = Release|Any CPU
		{A77FD8CE-C1AA-4760-B7F4-942674D811AE}.Release|x64.Build.0 = Release|Any CPU
		{A77FD8CE-C1AA-4760-B7F4-942674D811AE}.Release|x86.ActiveCfg = Release|Any CPU
		{A77FD8CE-C1AA-4760-B7F4-942674D811AE}.Release|x86.Build.0 = Release|Any CPU
		{E1228814-5879-45E1-89D6-87164BC55883}.Debug|Any CPU.ActiveCfg = Debug|Any CPU
		{E1228814-5879-45E1-89D6-87164BC55883}.Debug|Any CPU.Build.0 = Debug|Any CPU
		{E1228814-5879-45E1-89D6-87164BC55883}.Debug|x64.ActiveCfg = Debug|Any CPU
		{E1228814-5879-45E1-89D6-87164BC55883}.Debug|x64.Build.0 = Debug|Any CPU
		{E1228814-5879-45E1-89D6-87164BC55883}.Debug|x86.ActiveCfg = Debug|Any CPU
		{E1228814-5879-45E1-89D6-87164BC55883}.Debug|x86.Build.0 = Debug|Any CPU
		{E1228814-5879-45E1-89D6-87164BC55883}.Release|Any CPU.ActiveCfg = Release|Any CPU
		{E1228814-5879-45E1-89D6-87164BC55883}.Release|Any CPU.Build.0 = Release|Any CPU
		{E1228814-5879-45E1-89D6-87164BC55883}.Release|x64.ActiveCfg = Release|Any CPU
		{E1228814-5879-45E1-89D6-87164BC55883}.Release|x64.Build.0 = Release|Any CPU
		{E1228814-5879-45E1-89D6-87164BC55883}.Release|x86.ActiveCfg = Release|Any CPU
		{E1228814-5879-45E1-89D6-87164BC55883}.Release|x86.Build.0 = Release|Any CPU
		{D26E327B-638D-4AB8-BAB3-7417CF187BE9}.Debug|Any CPU.ActiveCfg = Debug|Any CPU
		{D26E327B-638D-4AB8-BAB3-7417CF187BE9}.Debug|Any CPU.Build.0 = Debug|Any CPU
		{D26E327B-638D-4AB8-BAB3-7417CF187BE9}.Debug|x64.ActiveCfg = Debug|Any CPU
		{D26E327B-638D-4AB8-BAB3-7417CF187BE9}.Debug|x64.Build.0 = Debug|Any CPU
		{D26E327B-638D-4AB8-BAB3-7417CF187BE9}.Debug|x86.ActiveCfg = Debug|Any CPU
		{D26E327B-638D-4AB8-BAB3-7417CF187BE9}.Debug|x86.Build.0 = Debug|Any CPU
		{D26E327B-638D-4AB8-BAB3-7417CF187BE9}.Release|Any CPU.ActiveCfg = Release|Any CPU
		{D26E327B-638D-4AB8-BAB3-7417CF187BE9}.Release|Any CPU.Build.0 = Release|Any CPU
		{D26E327B-638D-4AB8-BAB3-7417CF187BE9}.Release|x64.ActiveCfg = Release|Any CPU
		{D26E327B-638D-4AB8-BAB3-7417CF187BE9}.Release|x64.Build.0 = Release|Any CPU
		{D26E327B-638D-4AB8-BAB3-7417CF187BE9}.Release|x86.ActiveCfg = Release|Any CPU
		{D26E327B-638D-4AB8-BAB3-7417CF187BE9}.Release|x86.Build.0 = Release|Any CPU
	EndGlobalSection
	GlobalSection(SolutionProperties) = preSolution
		HideSolutionNode = FALSE
	EndGlobalSection
	GlobalSection(NestedProjects) = preSolution
		{028D9A75-9D71-4F1B-8C0A-BE0A371EC6FE} = {0AB3BF05-4346-4AA6-1389-037BE0695223}
		{A29937BB-CBCE-4E16-9CE1-A59BDEE9A66C} = {0AB3BF05-4346-4AA6-1389-037BE0695223}
		{A77FD8CE-C1AA-4760-B7F4-942674D811AE} = {0AB3BF05-4346-4AA6-1389-037BE0695223}
		{E1228814-5879-45E1-89D6-87164BC55883} = {0AB3BF05-4346-4AA6-1389-037BE0695223}
		{D26E327B-638D-4AB8-BAB3-7417CF187BE9} = {0AB3BF05-4346-4AA6-1389-037BE0695223}
	EndGlobalSection
EndGlobal
